
Microsoft Visual Studio Solution File, Format Version 12.00
# Visual Studio 14
VisualStudioVersion = 14.0.24720.0
MinimumVisualStudioVersion = 10.0.40219.1
Project("{FAE04EC0-301F-11D3-BF4B-00C04F79EFBC}") = "Mobet", "Mobet\Mobet.csproj", "{37846D25-21EE-4D5C-9F3E-62A5D2E988A9}"
EndProject
Project("{FAE04EC0-301F-11D3-BF4B-00C04F79EFBC}") = "Mobet.Application", "Mobet.Application\Mobet.Application.csproj", "{DABDCA43-BA92-4E8F-A1AB-7B6654C919CD}"
EndProject
Project("{FAE04EC0-301F-11D3-BF4B-00C04F79EFBC}") = "Mobet.Authorization", "Mobet.Authorization\Mobet.Authorization.csproj", "{22BA7C34-3346-4342-8416-3778A767FF48}"
EndProject
Project("{FAE04EC0-301F-11D3-BF4B-00C04F79EFBC}") = "Mobet.Domain", "Mobet.Domain\Mobet.Domain.csproj", "{A965169D-7BA1-4C55-B0ED-F113224E3F86}"
EndProject
Project("{FAE04EC0-301F-11D3-BF4B-00C04F79EFBC}") = "Mobet.Infrastructure", "Mobet.Infrastructure\Mobet.Infrastructure.csproj", "{B5E2AD05-4ABF-480A-8036-F870A33EC621}"
EndProject
Project("{2150E333-8FDC-42A3-9474-1A3956D46DE8}") = "测试", "测试", "{755FB146-43A1-4CC9-A61B-A434C453B31D}"
EndProject
Project("{FAE04EC0-301F-11D3-BF4B-00C04F79EFBC}") = "Mobet.Demo.Localization", "Mobet.Demo.Localization\Mobet.Demo.Localization.csproj", "{8B4762A3-AE1F-48DE-87ED-9DC051B0E25C}"
EndProject
Project("{FAE04EC0-301F-11D3-BF4B-00C04F79EFBC}") = "Mobet.Demo.Settings", "Mobet.Demo.Settings\Mobet.Demo.Settings.csproj", "{E6CDA5C5-4970-4383-8906-3F947D296936}"
EndProject
Project("{FAE04EC0-301F-11D3-BF4B-00C04F79EFBC}") = "Mobet.Resources", "Mobet.Resources\Mobet.Resources.csproj", "{D38118B8-C45D-4141-ACCF-ABC682B152D4}"
EndProject
Project("{FAE04EC0-301F-11D3-BF4B-00C04F79EFBC}") = "Mobet.Demo.Events", "Mobet.Demo.Events\Mobet.Demo.Events.csproj", "{EEE0D9F7-01C9-4331-9215-B3B1230ADC16}"
EndProject
Project("{FAE04EC0-301F-11D3-BF4B-00C04F79EFBC}") = "Mobet.Demo.Auditing", "Mobet.Demo.Auditing\Mobet.Demo.Auditing.csproj", "{F08D9546-33E6-49A5-BF11-2543448CB978}"
EndProject
Project("{FAE04EC0-301F-11D3-BF4B-00C04F79EFBC}") = "Mobet.Demo.Autofac.Interceptor", "Mobet.Demo.Autofac.Interceptor\Mobet.Demo.Autofac.Interceptor.csproj", "{AA77B0D0-BB68-485B-B7FA-3E4EED2D475F}"
EndProject
Project("{FAE04EC0-301F-11D3-BF4B-00C04F79EFBC}") = "Mobet.Demo.MultipleDbContext", "Mobet.Demo.MultipleDbContext\Mobet.Demo.MultipleDbContext.csproj", "{2BD75F82-F99A-4CBB-A0C7-26C85813D2A9}"
EndProject
Project("{FAE04EC0-301F-11D3-BF4B-00C04F79EFBC}") = "Mobet.Demo.Dependency", "Mobet.Demo.Dependency\Mobet.Demo.Dependency.csproj", "{1D22F689-55E7-408B-9195-B4F784C84F73}"
EndProject
Global
	GlobalSection(SolutionConfigurationPlatforms) = preSolution
		Debug|Any CPU = Debug|Any CPU
		Release|Any CPU = Release|Any CPU
	EndGlobalSection
	GlobalSection(ProjectConfigurationPlatforms) = postSolution
		{37846D25-21EE-4D5C-9F3E-62A5D2E988A9}.Debug|Any CPU.ActiveCfg = Debug|Any CPU
		{37846D25-21EE-4D5C-9F3E-62A5D2E988A9}.Debug|Any CPU.Build.0 = Debug|Any CPU
		{37846D25-21EE-4D5C-9F3E-62A5D2E988A9}.Release|Any CPU.ActiveCfg = Release|Any CPU
		{37846D25-21EE-4D5C-9F3E-62A5D2E988A9}.Release|Any CPU.Build.0 = Release|Any CPU
		{DABDCA43-BA92-4E8F-A1AB-7B6654C919CD}.Debug|Any CPU.ActiveCfg = Debug|Any CPU
		{DABDCA43-BA92-4E8F-A1AB-7B6654C919CD}.Debug|Any CPU.Build.0 = Debug|Any CPU
		{DABDCA43-BA92-4E8F-A1AB-7B6654C919CD}.Release|Any CPU.ActiveCfg = Release|Any CPU
		{DABDCA43-BA92-4E8F-A1AB-7B6654C919CD}.Release|Any CPU.Build.0 = Release|Any CPU
		{22BA7C34-3346-4342-8416-3778A767FF48}.Debug|Any CPU.ActiveCfg = Debug|Any CPU
		{22BA7C34-3346-4342-8416-3778A767FF48}.Debug|Any CPU.Build.0 = Debug|Any CPU
		{22BA7C34-3346-4342-8416-3778A767FF48}.Release|Any CPU.ActiveCfg = Release|Any CPU
		{22BA7C34-3346-4342-8416-3778A767FF48}.Release|Any CPU.Build.0 = Release|Any CPU
		{A965169D-7BA1-4C55-B0ED-F113224E3F86}.Debug|Any CPU.ActiveCfg = Debug|Any CPU
		{A965169D-7BA1-4C55-B0ED-F113224E3F86}.Debug|Any CPU.Build.0 = Debug|Any CPU
		{A965169D-7BA1-4C55-B0ED-F113224E3F86}.Release|Any CPU.ActiveCfg = Release|Any CPU
		{A965169D-7BA1-4C55-B0ED-F113224E3F86}.Release|Any CPU.Build.0 = Release|Any CPU
		{B5E2AD05-4ABF-480A-8036-F870A33EC621}.Debug|Any CPU.ActiveCfg = Debug|Any CPU
		{B5E2AD05-4ABF-480A-8036-F870A33EC621}.Debug|Any CPU.Build.0 = Debug|Any CPU
		{B5E2AD05-4ABF-480A-8036-F870A33EC621}.Release|Any CPU.ActiveCfg = Release|Any CPU
		{B5E2AD05-4ABF-480A-8036-F870A33EC621}.Release|Any CPU.Build.0 = Release|Any CPU
		{8B4762A3-AE1F-48DE-87ED-9DC051B0E25C}.Debug|Any CPU.ActiveCfg = Debug|Any CPU
		{8B4762A3-AE1F-48DE-87ED-9DC051B0E25C}.Debug|Any CPU.Build.0 = Debug|Any CPU
		{8B4762A3-AE1F-48DE-87ED-9DC051B0E25C}.Release|Any CPU.ActiveCfg = Release|Any CPU
		{8B4762A3-AE1F-48DE-87ED-9DC051B0E25C}.Release|Any CPU.Build.0 = Release|Any CPU
		{E6CDA5C5-4970-4383-8906-3F947D296936}.Debug|Any CPU.ActiveCfg = Debug|Any CPU
		{E6CDA5C5-4970-4383-8906-3F947D296936}.Debug|Any CPU.Build.0 = Debug|Any CPU
		{E6CDA5C5-4970-4383-8906-3F947D296936}.Release|Any CPU.ActiveCfg = Release|Any CPU
		{E6CDA5C5-4970-4383-8906-3F947D296936}.Release|Any CPU.Build.0 = Release|Any CPU
		{D38118B8-C45D-4141-ACCF-ABC682B152D4}.Debug|Any CPU.ActiveCfg = Debug|Any CPU
		{D38118B8-C45D-4141-ACCF-ABC682B152D4}.Debug|Any CPU.Build.0 = Debug|Any CPU
		{D38118B8-C45D-4141-ACCF-ABC682B152D4}.Release|Any CPU.ActiveCfg = Release|Any CPU
		{D38118B8-C45D-4141-ACCF-ABC682B152D4}.Release|Any CPU.Build.0 = Release|Any CPU
		{EEE0D9F7-01C9-4331-9215-B3B1230ADC16}.Debug|Any CPU.ActiveCfg = Debug|Any CPU
		{EEE0D9F7-01C9-4331-9215-B3B1230ADC16}.Debug|Any CPU.Build.0 = Debug|Any CPU
		{EEE0D9F7-01C9-4331-9215-B3B1230ADC16}.Release|Any CPU.ActiveCfg = Release|Any CPU
		{EEE0D9F7-01C9-4331-9215-B3B1230ADC16}.Release|Any CPU.Build.0 = Release|Any CPU
		{F08D9546-33E6-49A5-BF11-2543448CB978}.Debug|Any CPU.ActiveCfg = Debug|Any CPU
		{F08D9546-33E6-49A5-BF11-2543448CB978}.Debug|Any CPU.Build.0 = Debug|Any CPU
		{F08D9546-33E6-49A5-BF11-2543448CB978}.Release|Any CPU.ActiveCfg = Release|Any CPU
		{F08D9546-33E6-49A5-BF11-2543448CB978}.Release|Any CPU.Build.0 = Release|Any CPU
		{AA77B0D0-BB68-485B-B7FA-3E4EED2D475F}.Debug|Any CPU.ActiveCfg = Debug|Any CPU
		{AA77B0D0-BB68-485B-B7FA-3E4EED2D475F}.Debug|Any CPU.Build.0 = Debug|Any CPU
		{AA77B0D0-BB68-485B-B7FA-3E4EED2D475F}.Release|Any CPU.ActiveCfg = Release|Any CPU
		{AA77B0D0-BB68-485B-B7FA-3E4EED2D475F}.Release|Any CPU.Build.0 = Release|Any CPU
		{2BD75F82-F99A-4CBB-A0C7-26C85813D2A9}.Debug|Any CPU.ActiveCfg = Debug|Any CPU
		{2BD75F82-F99A-4CBB-A0C7-26C85813D2A9}.Debug|Any CPU.Build.0 = Debug|Any CPU
		{2BD75F82-F99A-4CBB-A0C7-26C85813D2A9}.Release|Any CPU.ActiveCfg = Release|Any CPU
		{2BD75F82-F99A-4CBB-A0C7-26C85813D2A9}.Release|Any CPU.Build.0 = Release|Any CPU
		{1D22F689-55E7-408B-9195-B4F784C84F73}.Debug|Any CPU.ActiveCfg = Debug|Any CPU
		{1D22F689-55E7-408B-9195-B4F784C84F73}.Debug|Any CPU.Build.0 = Debug|Any CPU
		{1D22F689-55E7-408B-9195-B4F784C84F73}.Release|Any CPU.ActiveCfg = Release|Any CPU
		{1D22F689-55E7-408B-9195-B4F784C84F73}.Release|Any CPU.Build.0 = Release|Any CPU
	EndGlobalSection
	GlobalSection(SolutionProperties) = preSolution
		HideSolutionNode = FALSE
	EndGlobalSection
	GlobalSection(NestedProjects) = preSolution
		{8B4762A3-AE1F-48DE-87ED-9DC051B0E25C} = {755FB146-43A1-4CC9-A61B-A434C453B31D}
		{E6CDA5C5-4970-4383-8906-3F947D296936} = {755FB146-43A1-4CC9-A61B-A434C453B31D}
		{EEE0D9F7-01C9-4331-9215-B3B1230ADC16} = {755FB146-43A1-4CC9-A61B-A434C453B31D}
		{F08D9546-33E6-49A5-BF11-2543448CB978} = {755FB146-43A1-4CC9-A61B-A434C453B31D}
		{AA77B0D0-BB68-485B-B7FA-3E4EED2D475F} = {755FB146-43A1-4CC9-A61B-A434C453B31D}
		{2BD75F82-F99A-4CBB-A0C7-26C85813D2A9} = {755FB146-43A1-4CC9-A61B-A434C453B31D}
		{1D22F689-55E7-408B-9195-B4F784C84F73} = {755FB146-43A1-4CC9-A61B-A434C453B31D}
	EndGlobalSection
EndGlobal
