
Microsoft Visual Studio Solution File, Format Version 12.00
# Visual Studio 14
VisualStudioVersion = 14.0.24720.0
MinimumVisualStudioVersion = 10.0.40219.1
Project("{FAE04EC0-301F-11D3-BF4B-00C04F79EFBC}") = "Mobet", "Mobet\Mobet.csproj", "{37846D25-21EE-4D5C-9F3E-62A5D2E988A9}"
EndProject
Project("{FAE04EC0-301F-11D3-BF4B-00C04F79EFBC}") = "Mobet.Authorization", "Mobet.Authorization\Mobet.Authorization.csproj", "{22BA7C34-3346-4342-8416-3778A767FF48}"
EndProject
Project("{FAE04EC0-301F-11D3-BF4B-00C04F79EFBC}") = "Mobet.Domain", "Mobet.Domain\Mobet.Domain.csproj", "{A965169D-7BA1-4C55-B0ED-F113224E3F86}"
EndProject
Project("{FAE04EC0-301F-11D3-BF4B-00C04F79EFBC}") = "Mobet.Infrastructure", "Mobet.Infrastructure\Mobet.Infrastructure.csproj", "{B5E2AD05-4ABF-480A-8036-F870A33EC621}"
EndProject
Project("{2150E333-8FDC-42A3-9474-1A3956D46DE8}") = "测试", "测试", "{755FB146-43A1-4CC9-A61B-A434C453B31D}"
EndProject
Project("{FAE04EC0-301F-11D3-BF4B-00C04F79EFBC}") = "Mobet.Demo.Localization", "Mobet.Demo.Localization\Mobet.Demo.Localization.csproj", "{8B4762A3-AE1F-48DE-87ED-9DC051B0E25C}"
EndProject
Project("{FAE04EC0-301F-11D3-BF4B-00C04F79EFBC}") = "Mobet.Resources", "Mobet.Resources\Mobet.Resources.csproj", "{D38118B8-C45D-4141-ACCF-ABC682B152D4}"
EndProject
Project("{FAE04EC0-301F-11D3-BF4B-00C04F79EFBC}") = "Mobet.Demo.Events", "Mobet.Demo.Events\Mobet.Demo.Events.csproj", "{EEE0D9F7-01C9-4331-9215-B3B1230ADC16}"
EndProject
Project("{FAE04EC0-301F-11D3-BF4B-00C04F79EFBC}") = "Mobet.Demo.Auditing", "Mobet.Demo.Auditing\Mobet.Demo.Auditing.csproj", "{F08D9546-33E6-49A5-BF11-2543448CB978}"
EndProject
Project("{FAE04EC0-301F-11D3-BF4B-00C04F79EFBC}") = "Mobet.Demo.Autofac.Interceptor", "Mobet.Demo.Autofac.Interceptor\Mobet.Demo.Autofac.Interceptor.csproj", "{AA77B0D0-BB68-485B-B7FA-3E4EED2D475F}"
EndProject
Project("{FAE04EC0-301F-11D3-BF4B-00C04F79EFBC}") = "Mobet.Demo.Dependency", "Mobet.Demo.Dependency\Mobet.Demo.Dependency.csproj", "{1D22F689-55E7-408B-9195-B4F784C84F73}"
EndProject
Project("{FAE04EC0-301F-11D3-BF4B-00C04F79EFBC}") = "Mobet.Demo.UnitOfwork", "Mobet.Demo.UnitOfwork\Mobet.Demo.UnitOfwork.csproj", "{82E1C35A-68B6-469C-9B38-6F408E623D95}"
EndProject
Project("{FAE04EC0-301F-11D3-BF4B-00C04F79EFBC}") = "Mobet.Services", "Mobet.Services\Mobet.Services.csproj", "{6ED56BAF-3D71-4F6D-8D1F-A29BCF24C406}"
EndProject
Project("{2150E333-8FDC-42A3-9474-1A3956D46DE8}") = "IdentityServer", "IdentityServer", "{57D4A6C2-E3E4-4712-813B-E1EF7C1E17B7}"
EndProject
Project("{FAE04EC0-301F-11D3-BF4B-00C04F79EFBC}") = "Core", "..\..\IdentityServer3\source\Core\Core.csproj", "{FB9E026E-BAB3-498A-A954-B93B05C146A5}"
EndProject
Project("{FAE04EC0-301F-11D3-BF4B-00C04F79EFBC}") = "Mobet.AutoMapper", "Mobet.AutoMapper\Mobet.AutoMapper.csproj", "{44065D5C-BA25-492F-A94B-EAD4D50AC3CA}"
EndProject
Project("{2150E333-8FDC-42A3-9474-1A3956D46DE8}") = "授权管理", "授权管理", "{17EA86DB-D34C-432E-ACBD-0961BA72B80B}"
EndProject
Project("{FAE04EC0-301F-11D3-BF4B-00C04F79EFBC}") = "Mobet.Web.SignalR", "Mobet.Web.SignalR\Mobet.Web.SignalR.csproj", "{D2415958-8D9F-4538-B070-C83A62AAE26F}"
EndProject
Project("{FAE04EC0-301F-11D3-BF4B-00C04F79EFBC}") = "Mobet.Auditing", "Mobet.Auditing\Mobet.Auditing.csproj", "{B013C40E-1593-4760-B828-457FAC3CE94F}"
EndProject
Project("{FAE04EC0-301F-11D3-BF4B-00C04F79EFBC}") = "Mobet.EntityFramework", "Mobet.EntityFramework\Mobet.EntityFramework.csproj", "{A7935BE0-CF6E-4FEF-B17C-E35F60552CED}"
EndProject
Project("{FAE04EC0-301F-11D3-BF4B-00C04F79EFBC}") = "Mobet.Demo.AutoMapper", "Mobet.Demo.AutoMapper\Mobet.Demo.AutoMapper.csproj", "{839102AE-7F98-4C71-9F77-90C6DE7BEF0F}"
EndProject
Project("{FAE04EC0-301F-11D3-BF4B-00C04F79EFBC}") = "Mobet.RedisCache", "Mobet.RedisCache\Mobet.RedisCache.csproj", "{CED0A34C-2609-4D7D-8759-2FF3E935E2AD}"
EndProject
Project("{FAE04EC0-301F-11D3-BF4B-00C04F79EFBC}") = "Mobet.Demo.GlobalSettings", "Mobet.Demo.GlobalSettings\Mobet.Demo.GlobalSettings.csproj", "{780057B4-33ED-4D90-8CF3-8F336C7B8FFC}"
EndProject
Project("{FAE04EC0-301F-11D3-BF4B-00C04F79EFBC}") = "Mobet.Demo.Email", "Mobet.Demo.Email\Mobet.Demo.Email.csproj", "{2045F2C3-FB36-4BF8-898F-27A7D66A703C}"
EndProject
Global
	GlobalSection(SolutionConfigurationPlatforms) = preSolution
		AzureWebSites|Any CPU = AzureWebSites|Any CPU
		Debug|Any CPU = Debug|Any CPU
		Release|Any CPU = Release|Any CPU
	EndGlobalSection
	GlobalSection(ProjectConfigurationPlatforms) = postSolution
		{37846D25-21EE-4D5C-9F3E-62A5D2E988A9}.AzureWebSites|Any CPU.ActiveCfg = Release|Any CPU
		{37846D25-21EE-4D5C-9F3E-62A5D2E988A9}.AzureWebSites|Any CPU.Build.0 = Release|Any CPU
		{37846D25-21EE-4D5C-9F3E-62A5D2E988A9}.Debug|Any CPU.ActiveCfg = Debug|Any CPU
		{37846D25-21EE-4D5C-9F3E-62A5D2E988A9}.Debug|Any CPU.Build.0 = Debug|Any CPU
		{37846D25-21EE-4D5C-9F3E-62A5D2E988A9}.Release|Any CPU.ActiveCfg = Release|Any CPU
		{37846D25-21EE-4D5C-9F3E-62A5D2E988A9}.Release|Any CPU.Build.0 = Release|Any CPU
		{22BA7C34-3346-4342-8416-3778A767FF48}.AzureWebSites|Any CPU.ActiveCfg = Release|Any CPU
		{22BA7C34-3346-4342-8416-3778A767FF48}.AzureWebSites|Any CPU.Build.0 = Release|Any CPU
		{22BA7C34-3346-4342-8416-3778A767FF48}.Debug|Any CPU.ActiveCfg = Debug|Any CPU
		{22BA7C34-3346-4342-8416-3778A767FF48}.Debug|Any CPU.Build.0 = Debug|Any CPU
		{22BA7C34-3346-4342-8416-3778A767FF48}.Release|Any CPU.ActiveCfg = Release|Any CPU
		{22BA7C34-3346-4342-8416-3778A767FF48}.Release|Any CPU.Build.0 = Release|Any CPU
		{A965169D-7BA1-4C55-B0ED-F113224E3F86}.AzureWebSites|Any CPU.ActiveCfg = Release|Any CPU
		{A965169D-7BA1-4C55-B0ED-F113224E3F86}.AzureWebSites|Any CPU.Build.0 = Release|Any CPU
		{A965169D-7BA1-4C55-B0ED-F113224E3F86}.Debug|Any CPU.ActiveCfg = Debug|Any CPU
		{A965169D-7BA1-4C55-B0ED-F113224E3F86}.Debug|Any CPU.Build.0 = Debug|Any CPU
		{A965169D-7BA1-4C55-B0ED-F113224E3F86}.Release|Any CPU.ActiveCfg = Release|Any CPU
		{A965169D-7BA1-4C55-B0ED-F113224E3F86}.Release|Any CPU.Build.0 = Release|Any CPU
		{B5E2AD05-4ABF-480A-8036-F870A33EC621}.AzureWebSites|Any CPU.ActiveCfg = Release|Any CPU
		{B5E2AD05-4ABF-480A-8036-F870A33EC621}.AzureWebSites|Any CPU.Build.0 = Release|Any CPU
		{B5E2AD05-4ABF-480A-8036-F870A33EC621}.Debug|Any CPU.ActiveCfg = Debug|Any CPU
		{B5E2AD05-4ABF-480A-8036-F870A33EC621}.Debug|Any CPU.Build.0 = Debug|Any CPU
		{B5E2AD05-4ABF-480A-8036-F870A33EC621}.Release|Any CPU.ActiveCfg = Release|Any CPU
		{B5E2AD05-4ABF-480A-8036-F870A33EC621}.Release|Any CPU.Build.0 = Release|Any CPU
		{8B4762A3-AE1F-48DE-87ED-9DC051B0E25C}.AzureWebSites|Any CPU.ActiveCfg = Release|Any CPU
		{8B4762A3-AE1F-48DE-87ED-9DC051B0E25C}.AzureWebSites|Any CPU.Build.0 = Release|Any CPU
		{8B4762A3-AE1F-48DE-87ED-9DC051B0E25C}.Debug|Any CPU.ActiveCfg = Debug|Any CPU
		{8B4762A3-AE1F-48DE-87ED-9DC051B0E25C}.Debug|Any CPU.Build.0 = Debug|Any CPU
		{8B4762A3-AE1F-48DE-87ED-9DC051B0E25C}.Release|Any CPU.ActiveCfg = Release|Any CPU
		{8B4762A3-AE1F-48DE-87ED-9DC051B0E25C}.Release|Any CPU.Build.0 = Release|Any CPU
		{D38118B8-C45D-4141-ACCF-ABC682B152D4}.AzureWebSites|Any CPU.ActiveCfg = Release|Any CPU
		{D38118B8-C45D-4141-ACCF-ABC682B152D4}.AzureWebSites|Any CPU.Build.0 = Release|Any CPU
		{D38118B8-C45D-4141-ACCF-ABC682B152D4}.Debug|Any CPU.ActiveCfg = Debug|Any CPU
		{D38118B8-C45D-4141-ACCF-ABC682B152D4}.Debug|Any CPU.Build.0 = Debug|Any CPU
		{D38118B8-C45D-4141-ACCF-ABC682B152D4}.Release|Any CPU.ActiveCfg = Release|Any CPU
		{D38118B8-C45D-4141-ACCF-ABC682B152D4}.Release|Any CPU.Build.0 = Release|Any CPU
		{EEE0D9F7-01C9-4331-9215-B3B1230ADC16}.AzureWebSites|Any CPU.ActiveCfg = Release|Any CPU
		{EEE0D9F7-01C9-4331-9215-B3B1230ADC16}.AzureWebSites|Any CPU.Build.0 = Release|Any CPU
		{EEE0D9F7-01C9-4331-9215-B3B1230ADC16}.Debug|Any CPU.ActiveCfg = Debug|Any CPU
		{EEE0D9F7-01C9-4331-9215-B3B1230ADC16}.Debug|Any CPU.Build.0 = Debug|Any CPU
		{EEE0D9F7-01C9-4331-9215-B3B1230ADC16}.Release|Any CPU.ActiveCfg = Release|Any CPU
		{EEE0D9F7-01C9-4331-9215-B3B1230ADC16}.Release|Any CPU.Build.0 = Release|Any CPU
		{F08D9546-33E6-49A5-BF11-2543448CB978}.AzureWebSites|Any CPU.ActiveCfg = Release|Any CPU
		{F08D9546-33E6-49A5-BF11-2543448CB978}.AzureWebSites|Any CPU.Build.0 = Release|Any CPU
		{F08D9546-33E6-49A5-BF11-2543448CB978}.Debug|Any CPU.ActiveCfg = Debug|Any CPU
		{F08D9546-33E6-49A5-BF11-2543448CB978}.Debug|Any CPU.Build.0 = Debug|Any CPU
		{F08D9546-33E6-49A5-BF11-2543448CB978}.Release|Any CPU.ActiveCfg = Release|Any CPU
		{F08D9546-33E6-49A5-BF11-2543448CB978}.Release|Any CPU.Build.0 = Release|Any CPU
		{AA77B0D0-BB68-485B-B7FA-3E4EED2D475F}.AzureWebSites|Any CPU.ActiveCfg = Release|Any CPU
		{AA77B0D0-BB68-485B-B7FA-3E4EED2D475F}.AzureWebSites|Any CPU.Build.0 = Release|Any CPU
		{AA77B0D0-BB68-485B-B7FA-3E4EED2D475F}.Debug|Any CPU.ActiveCfg = Debug|Any CPU
		{AA77B0D0-BB68-485B-B7FA-3E4EED2D475F}.Debug|Any CPU.Build.0 = Debug|Any CPU
		{AA77B0D0-BB68-485B-B7FA-3E4EED2D475F}.Release|Any CPU.ActiveCfg = Release|Any CPU
		{AA77B0D0-BB68-485B-B7FA-3E4EED2D475F}.Release|Any CPU.Build.0 = Release|Any CPU
		{1D22F689-55E7-408B-9195-B4F784C84F73}.AzureWebSites|Any CPU.ActiveCfg = Release|Any CPU
		{1D22F689-55E7-408B-9195-B4F784C84F73}.AzureWebSites|Any CPU.Build.0 = Release|Any CPU
		{1D22F689-55E7-408B-9195-B4F784C84F73}.Debug|Any CPU.ActiveCfg = Debug|Any CPU
		{1D22F689-55E7-408B-9195-B4F784C84F73}.Debug|Any CPU.Build.0 = Debug|Any CPU
		{1D22F689-55E7-408B-9195-B4F784C84F73}.Release|Any CPU.ActiveCfg = Release|Any CPU
		{1D22F689-55E7-408B-9195-B4F784C84F73}.Release|Any CPU.Build.0 = Release|Any CPU
		{82E1C35A-68B6-469C-9B38-6F408E623D95}.AzureWebSites|Any CPU.ActiveCfg = Release|Any CPU
		{82E1C35A-68B6-469C-9B38-6F408E623D95}.AzureWebSites|Any CPU.Build.0 = Release|Any CPU
		{82E1C35A-68B6-469C-9B38-6F408E623D95}.Debug|Any CPU.ActiveCfg = Debug|Any CPU
		{82E1C35A-68B6-469C-9B38-6F408E623D95}.Debug|Any CPU.Build.0 = Debug|Any CPU
		{82E1C35A-68B6-469C-9B38-6F408E623D95}.Release|Any CPU.ActiveCfg = Release|Any CPU
		{82E1C35A-68B6-469C-9B38-6F408E623D95}.Release|Any CPU.Build.0 = Release|Any CPU
		{6ED56BAF-3D71-4F6D-8D1F-A29BCF24C406}.AzureWebSites|Any CPU.ActiveCfg = Release|Any CPU
		{6ED56BAF-3D71-4F6D-8D1F-A29BCF24C406}.AzureWebSites|Any CPU.Build.0 = Release|Any CPU
		{6ED56BAF-3D71-4F6D-8D1F-A29BCF24C406}.Debug|Any CPU.ActiveCfg = Debug|Any CPU
		{6ED56BAF-3D71-4F6D-8D1F-A29BCF24C406}.Debug|Any CPU.Build.0 = Debug|Any CPU
		{6ED56BAF-3D71-4F6D-8D1F-A29BCF24C406}.Release|Any CPU.ActiveCfg = Release|Any CPU
		{6ED56BAF-3D71-4F6D-8D1F-A29BCF24C406}.Release|Any CPU.Build.0 = Release|Any CPU
		{FB9E026E-BAB3-498A-A954-B93B05C146A5}.AzureWebSites|Any CPU.ActiveCfg = AzureWebSites|Any CPU
		{FB9E026E-BAB3-498A-A954-B93B05C146A5}.AzureWebSites|Any CPU.Build.0 = AzureWebSites|Any CPU
		{FB9E026E-BAB3-498A-A954-B93B05C146A5}.Debug|Any CPU.ActiveCfg = Debug|Any CPU
		{FB9E026E-BAB3-498A-A954-B93B05C146A5}.Debug|Any CPU.Build.0 = Debug|Any CPU
		{FB9E026E-BAB3-498A-A954-B93B05C146A5}.Release|Any CPU.ActiveCfg = Release|Any CPU
		{FB9E026E-BAB3-498A-A954-B93B05C146A5}.Release|Any CPU.Build.0 = Release|Any CPU
		{44065D5C-BA25-492F-A94B-EAD4D50AC3CA}.AzureWebSites|Any CPU.ActiveCfg = Release|Any CPU
		{44065D5C-BA25-492F-A94B-EAD4D50AC3CA}.AzureWebSites|Any CPU.Build.0 = Release|Any CPU
		{44065D5C-BA25-492F-A94B-EAD4D50AC3CA}.Debug|Any CPU.ActiveCfg = Debug|Any CPU
		{44065D5C-BA25-492F-A94B-EAD4D50AC3CA}.Debug|Any CPU.Build.0 = Debug|Any CPU
		{44065D5C-BA25-492F-A94B-EAD4D50AC3CA}.Release|Any CPU.ActiveCfg = Release|Any CPU
		{44065D5C-BA25-492F-A94B-EAD4D50AC3CA}.Release|Any CPU.Build.0 = Release|Any CPU
		{D2415958-8D9F-4538-B070-C83A62AAE26F}.AzureWebSites|Any CPU.ActiveCfg = Release|Any CPU
		{D2415958-8D9F-4538-B070-C83A62AAE26F}.AzureWebSites|Any CPU.Build.0 = Release|Any CPU
		{D2415958-8D9F-4538-B070-C83A62AAE26F}.Debug|Any CPU.ActiveCfg = Debug|Any CPU
		{D2415958-8D9F-4538-B070-C83A62AAE26F}.Debug|Any CPU.Build.0 = Debug|Any CPU
		{D2415958-8D9F-4538-B070-C83A62AAE26F}.Release|Any CPU.ActiveCfg = Release|Any CPU
		{D2415958-8D9F-4538-B070-C83A62AAE26F}.Release|Any CPU.Build.0 = Release|Any CPU
		{B013C40E-1593-4760-B828-457FAC3CE94F}.AzureWebSites|Any CPU.ActiveCfg = Release|Any CPU
		{B013C40E-1593-4760-B828-457FAC3CE94F}.AzureWebSites|Any CPU.Build.0 = Release|Any CPU
		{B013C40E-1593-4760-B828-457FAC3CE94F}.Debug|Any CPU.ActiveCfg = Debug|Any CPU
		{B013C40E-1593-4760-B828-457FAC3CE94F}.Debug|Any CPU.Build.0 = Debug|Any CPU
		{B013C40E-1593-4760-B828-457FAC3CE94F}.Release|Any CPU.ActiveCfg = Release|Any CPU
		{B013C40E-1593-4760-B828-457FAC3CE94F}.Release|Any CPU.Build.0 = Release|Any CPU
		{A7935BE0-CF6E-4FEF-B17C-E35F60552CED}.AzureWebSites|Any CPU.ActiveCfg = Release|Any CPU
		{A7935BE0-CF6E-4FEF-B17C-E35F60552CED}.AzureWebSites|Any CPU.Build.0 = Release|Any CPU
		{A7935BE0-CF6E-4FEF-B17C-E35F60552CED}.Debug|Any CPU.ActiveCfg = Debug|Any CPU
		{A7935BE0-CF6E-4FEF-B17C-E35F60552CED}.Debug|Any CPU.Build.0 = Debug|Any CPU
		{A7935BE0-CF6E-4FEF-B17C-E35F60552CED}.Release|Any CPU.ActiveCfg = Release|Any CPU
		{A7935BE0-CF6E-4FEF-B17C-E35F60552CED}.Release|Any CPU.Build.0 = Release|Any CPU
		{839102AE-7F98-4C71-9F77-90C6DE7BEF0F}.AzureWebSites|Any CPU.ActiveCfg = Release|Any CPU
		{839102AE-7F98-4C71-9F77-90C6DE7BEF0F}.AzureWebSites|Any CPU.Build.0 = Release|Any CPU
		{839102AE-7F98-4C71-9F77-90C6DE7BEF0F}.Debug|Any CPU.ActiveCfg = Debug|Any CPU
		{839102AE-7F98-4C71-9F77-90C6DE7BEF0F}.Debug|Any CPU.Build.0 = Debug|Any CPU
		{839102AE-7F98-4C71-9F77-90C6DE7BEF0F}.Release|Any CPU.ActiveCfg = Release|Any CPU
		{839102AE-7F98-4C71-9F77-90C6DE7BEF0F}.Release|Any CPU.Build.0 = Release|Any CPU
		{CED0A34C-2609-4D7D-8759-2FF3E935E2AD}.AzureWebSites|Any CPU.ActiveCfg = Release|Any CPU
		{CED0A34C-2609-4D7D-8759-2FF3E935E2AD}.AzureWebSites|Any CPU.Build.0 = Release|Any CPU
		{CED0A34C-2609-4D7D-8759-2FF3E935E2AD}.Debug|Any CPU.ActiveCfg = Debug|Any CPU
		{CED0A34C-2609-4D7D-8759-2FF3E935E2AD}.Debug|Any CPU.Build.0 = Debug|Any CPU
		{CED0A34C-2609-4D7D-8759-2FF3E935E2AD}.Release|Any CPU.ActiveCfg = Release|Any CPU
		{CED0A34C-2609-4D7D-8759-2FF3E935E2AD}.Release|Any CPU.Build.0 = Release|Any CPU
		{780057B4-33ED-4D90-8CF3-8F336C7B8FFC}.AzureWebSites|Any CPU.ActiveCfg = Release|Any CPU
		{780057B4-33ED-4D90-8CF3-8F336C7B8FFC}.AzureWebSites|Any CPU.Build.0 = Release|Any CPU
		{780057B4-33ED-4D90-8CF3-8F336C7B8FFC}.Debug|Any CPU.ActiveCfg = Debug|Any CPU
		{780057B4-33ED-4D90-8CF3-8F336C7B8FFC}.Debug|Any CPU.Build.0 = Debug|Any CPU
		{780057B4-33ED-4D90-8CF3-8F336C7B8FFC}.Release|Any CPU.ActiveCfg = Release|Any CPU
		{780057B4-33ED-4D90-8CF3-8F336C7B8FFC}.Release|Any CPU.Build.0 = Release|Any CPU
		{2045F2C3-FB36-4BF8-898F-27A7D66A703C}.AzureWebSites|Any CPU.ActiveCfg = Release|Any CPU
		{2045F2C3-FB36-4BF8-898F-27A7D66A703C}.AzureWebSites|Any CPU.Build.0 = Release|Any CPU
		{2045F2C3-FB36-4BF8-898F-27A7D66A703C}.Debug|Any CPU.ActiveCfg = Debug|Any CPU
		{2045F2C3-FB36-4BF8-898F-27A7D66A703C}.Debug|Any CPU.Build.0 = Debug|Any CPU
		{2045F2C3-FB36-4BF8-898F-27A7D66A703C}.Release|Any CPU.ActiveCfg = Release|Any CPU
		{2045F2C3-FB36-4BF8-898F-27A7D66A703C}.Release|Any CPU.Build.0 = Release|Any CPU
	EndGlobalSection
	GlobalSection(SolutionProperties) = preSolution
		HideSolutionNode = FALSE
	EndGlobalSection
	GlobalSection(NestedProjects) = preSolution
		{22BA7C34-3346-4342-8416-3778A767FF48} = {17EA86DB-D34C-432E-ACBD-0961BA72B80B}
		{A965169D-7BA1-4C55-B0ED-F113224E3F86} = {17EA86DB-D34C-432E-ACBD-0961BA72B80B}
		{B5E2AD05-4ABF-480A-8036-F870A33EC621} = {17EA86DB-D34C-432E-ACBD-0961BA72B80B}
		{8B4762A3-AE1F-48DE-87ED-9DC051B0E25C} = {755FB146-43A1-4CC9-A61B-A434C453B31D}
		{D38118B8-C45D-4141-ACCF-ABC682B152D4} = {17EA86DB-D34C-432E-ACBD-0961BA72B80B}
		{EEE0D9F7-01C9-4331-9215-B3B1230ADC16} = {755FB146-43A1-4CC9-A61B-A434C453B31D}
		{F08D9546-33E6-49A5-BF11-2543448CB978} = {755FB146-43A1-4CC9-A61B-A434C453B31D}
		{AA77B0D0-BB68-485B-B7FA-3E4EED2D475F} = {755FB146-43A1-4CC9-A61B-A434C453B31D}
		{1D22F689-55E7-408B-9195-B4F784C84F73} = {755FB146-43A1-4CC9-A61B-A434C453B31D}
		{82E1C35A-68B6-469C-9B38-6F408E623D95} = {755FB146-43A1-4CC9-A61B-A434C453B31D}
		{6ED56BAF-3D71-4F6D-8D1F-A29BCF24C406} = {17EA86DB-D34C-432E-ACBD-0961BA72B80B}
		{FB9E026E-BAB3-498A-A954-B93B05C146A5} = {57D4A6C2-E3E4-4712-813B-E1EF7C1E17B7}
		{839102AE-7F98-4C71-9F77-90C6DE7BEF0F} = {755FB146-43A1-4CC9-A61B-A434C453B31D}
		{780057B4-33ED-4D90-8CF3-8F336C7B8FFC} = {755FB146-43A1-4CC9-A61B-A434C453B31D}
		{2045F2C3-FB36-4BF8-898F-27A7D66A703C} = {755FB146-43A1-4CC9-A61B-A434C453B31D}
	EndGlobalSection
EndGlobal
